{
  "name": "template_2",
  "lockfileVersion": 3,
  "requires": true,
  "packages": {
    "": {
      "dependencies": {
        "@extpkg/types-runtime": "^1.2.1",
        "@extpkg/types-tabs": "^1.1.0",
        "@extpkg/types-webviews": "^1.0.2",
        "@extpkg/types-windows": "^1.1.0"
      }
    },
    "node_modules/@extpkg/types-runtime": {
      "version": "1.2.1",
      "resolved": "https://registry.npmjs.org/@extpkg/types-runtime/-/types-runtime-1.2.1.tgz",
      "integrity": "sha512-hWYC99i+2ScY7sJiqo9ib3OxW+2EJJ9L3JdoWdZn6JrlglbLcc5cNCWp9N1FKWf3ufslOvQum9bV/bEPxXUhyA=="
    },
    "node_modules/@extpkg/types-tabs": {
      "version": "1.1.0",
      "resolved": "https://registry.npmjs.org/@extpkg/types-tabs/-/types-tabs-1.1.0.tgz",
      "integrity": "sha512-n0oIjj3V6N6bucav32fAzO6DYHUzESPmepll7Nz2difw6cUMKjU2IgTx46Vd0tEr5q0c5ur26/MLQkosO4ZRkw=="
    },
    "node_modules/@extpkg/types-webviews": {
      "version": "1.0.2",
      "resolved": "https://registry.npmjs.org/@extpkg/types-webviews/-/types-webviews-1.0.2.tgz",
      "integrity": "sha512-cYh5zsUtXDGVrp6XY28jrf9/VZ2YMUoZMVdNfQ5klfoBzav+TXtKcLy+9BEyI3eVO8hy75oRbqGYu+N6Q10myA=="
    },
    "node_modules/@extpkg/types-windows": {
      "version": "1.1.0",
      "resolved": "https://registry.npmjs.org/@extpkg/types-windows/-/types-windows-1.1.0.tgz",
      "integrity": "sha512-039UTsiyVGu2AIhKivnc767aPiq3eau4XEEn3QMUYCcWNb5rNEty/qNjQfhgBdd5w9AdPzTwgQyiJCJv2vCfxg=="
    }
  }
}
